# @generated - this file is auto-generated by `mise lock` https://mise.en.dev/dev-tools/mise-lock.html

[[tools."aqua:google/osv-scanner"]]
version = "2.4.0"
backend = "aqua:google/osv-scanner"

[tools."aqua:google/osv-scanner"."platforms.linux-arm64"]
checksum = "sha256:44e580752910f0ff36ec99aff59af20f65df1e859aa31e5605a8f0d055b496e9"
url = "https://github.com/google/osv-scanner/releases/download/v2.4.0/osv-scanner_linux_arm64"
url_api = "https://api.github.com/repos/google/osv-scanner/releases/assets/451242338"

[tools."aqua:google/osv-scanner"."platforms.linux-arm64".provenance.slsa]
url = "https://github.com/google/osv-scanner/releases/download/v2.4.0/multiple.intoto.jsonl"

[tools."aqua:google/osv-scanner"."platforms.linux-arm64-musl"]
checksum = "sha256:44e580752910f0ff36ec99aff59af20f65df1e859aa31e5605a8f0d055b496e9"
url = "https://github.com/google/osv-scanner/releases/download/v2.4.0/osv-scanner_linux_arm64"
url_api = "https://api.github.com/repos/google/osv-scanner/releases/assets/451242338"

[tools."aqua:google/osv-scanner"."platforms.linux-arm64-musl".provenance.slsa]
url = "https://github.com/google/osv-scanner/releases/download/v2.4.0/multiple.intoto.jsonl"

[tools."aqua:google/osv-scanner"."platforms.linux-x64"]
checksum = "sha256:15314940c10d26af9c6649f150b8a47c1262e8fc7e17b1d1029b0e479e8ed8a0"
url = "https://github.com/google/osv-scanner/releases/download/v2.4.0/osv-scanner_linux_amd64"
url_api = "https://api.github.com/repos/google/osv-scanner/releases/assets/451242336"

[tools."aqua:google/osv-scanner"."platforms.linux-x64".provenance.slsa]
url = "https://github.com/google/osv-scanner/releases/download/v2.4.0/multiple.intoto.jsonl"

[tools."aqua:google/osv-scanner"."platforms.linux-x64-musl"]
checksum = "sha256:15314940c10d26af9c6649f150b8a47c1262e8fc7e17b1d1029b0e479e8ed8a0"
url = "https://github.com/google/osv-scanner/releases/download/v2.4.0/osv-scanner_linux_amd64"
url_api = "https://api.github.com/repos/google/osv-scanner/releases/assets/451242336"

[tools."aqua:google/osv-scanner"."platforms.linux-x64-musl".provenance.slsa]
url = "https://github.com/google/osv-scanner/releases/download/v2.4.0/multiple.intoto.jsonl"

[tools."aqua:google/osv-scanner"."platforms.macos-arm64"]
checksum = "sha256:9ca3185ad63e9ab54f7cb90f46a7362be02d80e37f0123d095a54355ea202f5d"
url = "https://github.com/google/osv-scanner/releases/download/v2.4.0/osv-scanner_darwin_arm64"
url_api = "https://api.github.com/repos/google/osv-scanner/releases/assets/451242387"

[tools."aqua:google/osv-scanner"."platforms.macos-arm64".provenance.slsa]
url = "https://github.com/google/osv-scanner/releases/download/v2.4.0/multiple.intoto.jsonl"

[tools."aqua:google/osv-scanner"."platforms.macos-x64"]
checksum = "sha256:088119325156321c34c456ac3703d6013538fd71cbac82b891ab34db491e4d66"
url = "https://github.com/google/osv-scanner/releases/download/v2.4.0/osv-scanner_darwin_amd64"
url_api = "https://api.github.com/repos/google/osv-scanner/releases/assets/451242389"

[tools."aqua:google/osv-scanner"."platforms.macos-x64".provenance.slsa]
url = "https://github.com/google/osv-scanner/releases/download/v2.4.0/multiple.intoto.jsonl"

[tools."aqua:google/osv-scanner"."platforms.windows-x64"]
checksum = "sha256:0cdd113610126d5dfd5e12ad0e0b4f3e879291ff19bb43b0c52ed2f2c2df1a37"
url = "https://github.com/google/osv-scanner/releases/download/v2.4.0/osv-scanner_windows_amd64.exe"
url_api = "https://api.github.com/repos/google/osv-scanner/releases/assets/451242340"

[tools."aqua:google/osv-scanner"."platforms.windows-x64".provenance.slsa]
url = "https://github.com/google/osv-scanner/releases/download/v2.4.0/multiple.intoto.jsonl"

[[tools.gitleaks]]
version = "8.30.1"
backend = "aqua:gitleaks/gitleaks"

[tools.gitleaks."platforms.linux-arm64"]
checksum = "sha256:e4a487ee7ccd7d3a7f7ec08657610aa3606637dab924210b3aee62570fb4b080"
url = "https://github.com/gitleaks/gitleaks/releases/download/v8.30.1/gitleaks_8.30.1_linux_arm64.tar.gz"
url_api = "https://api.github.com/repos/gitleaks/gitleaks/releases/assets/378332057"

[tools.gitleaks."platforms.linux-arm64-musl"]
checksum = "sha256:e4a487ee7ccd7d3a7f7ec08657610aa3606637dab924210b3aee62570fb4b080"
url = "https://github.com/gitleaks/gitleaks/releases/download/v8.30.1/gitleaks_8.30.1_linux_arm64.tar.gz"
url_api = "https://api.github.com/repos/gitleaks/gitleaks/releases/assets/378332057"

[tools.gitleaks."platforms.linux-x64"]
checksum = "sha256:551f6fc83ea457d62a0d98237cbad105af8d557003051f41f3e7ca7b3f2470eb"
url = "https://github.com/gitleaks/gitleaks/releases/download/v8.30.1/gitleaks_8.30.1_linux_x64.tar.gz"
url_api = "https://api.github.com/repos/gitleaks/gitleaks/releases/assets/378332058"

[tools.gitleaks."platforms.linux-x64-musl"]
checksum = "sha256:551f6fc83ea457d62a0d98237cbad105af8d557003051f41f3e7ca7b3f2470eb"
url = "https://github.com/gitleaks/gitleaks/releases/download/v8.30.1/gitleaks_8.30.1_linux_x64.tar.gz"
url_api = "https://api.github.com/repos/gitleaks/gitleaks/releases/assets/378332058"

[tools.gitleaks."platforms.macos-arm64"]
checksum = "sha256:b40ab0ae55c505963e365f271a8d3846efbc170aa17f2607f13df610a9aeb6a5"
url = "https://github.com/gitleaks/gitleaks/releases/download/v8.30.1/gitleaks_8.30.1_darwin_arm64.tar.gz"
url_api = "https://api.github.com/repos/gitleaks/gitleaks/releases/assets/378332059"

[tools.gitleaks."platforms.macos-x64"]
checksum = "sha256:dfe101a4db2255fc85120ac7f3d25e4342c3c20cf749f2c20a18081af1952709"
url = "https://github.com/gitleaks/gitleaks/releases/download/v8.30.1/gitleaks_8.30.1_darwin_x64.tar.gz"
url_api = "https://api.github.com/repos/gitleaks/gitleaks/releases/assets/378332053"

[tools.gitleaks."platforms.windows-x64"]
checksum = "sha256:d29144deff3a68aa93ced33dddf84b7fdc26070add4aa0f4513094c8332afc4e"
url = "https://github.com/gitleaks/gitleaks/releases/download/v8.30.1/gitleaks_8.30.1_windows_x64.zip"
url_api = "https://api.github.com/repos/gitleaks/gitleaks/releases/assets/378333178"

[[tools.node]]
version = "26.3.1"
backend = "core:node"

[tools.node."platforms.linux-arm64"]
checksum = "sha256:2f0829b201e9db20996ae15bce62138df1e3d317775b005778b05cf7b19714f1"
url = "https://nodejs.org/dist/v26.3.1/node-v26.3.1-linux-arm64.tar.gz"

[tools.node."platforms.linux-arm64-musl"]
checksum = "sha256:e9d31a59e9164ad4be47e3148fc54964a9c275394f367e127eed1a0b3009c706"
url = "https://unofficial-builds.nodejs.org/download/release/v26.3.1/node-v26.3.1-linux-arm64-musl.tar.gz"

[tools.node."platforms.linux-x64"]
checksum = "sha256:e892cd615e637edebcf22f9653d80fba63167ad6754d20881fd52cc37be81441"
url = "https://nodejs.org/dist/v26.3.1/node-v26.3.1-linux-x64.tar.gz"

[tools.node."platforms.linux-x64-musl"]
checksum = "sha256:4d1a7bebcc0ee2534edc2d5f93cad34435ed4b601766d26b706c043727d4cca5"
url = "https://unofficial-builds.nodejs.org/download/release/v26.3.1/node-v26.3.1-linux-x64-musl.tar.gz"

[tools.node."platforms.macos-arm64"]
checksum = "sha256:3f624ab0d774553c0d28b968e141d8c676a35a2811fb0b7b356ba9cbdce15f74"
url = "https://nodejs.org/dist/v26.3.1/node-v26.3.1-darwin-arm64.tar.gz"

[tools.node."platforms.macos-x64"]
checksum = "sha256:3ec9e5a28c641c088f3d04ad38721bfdedb2f8aa8c031979fa93df08b5a92e58"
url = "https://nodejs.org/dist/v26.3.1/node-v26.3.1-darwin-x64.tar.gz"

[tools.node."platforms.windows-x64"]
checksum = "sha256:45001b289ebffe7b22260898f3750059183d8246042b88e8ffa4337e65e6763e"
url = "https://nodejs.org/dist/v26.3.1/node-v26.3.1-win-x64.zip"

[[tools."npm:@mermaid-js/mermaid-cli"]]
version = "11.17.0"
backend = "npm:@mermaid-js/mermaid-cli"

[[tools.pandoc]]
version = "3.10"
backend = "github:jgm/pandoc"

[tools.pandoc."platforms.linux-arm64"]
checksum = "sha256:55413dfb0c1aec861641fe858f1f73e84848f3db497b1c0c02e62887ea76f4a4"
url = "https://github.com/jgm/pandoc/releases/download/3.10/pandoc-3.10-linux-arm64.tar.gz"
url_api = "https://api.github.com/repos/jgm/pandoc/releases/assets/438408619"
provenance = "github-attestations"

[tools.pandoc."platforms.linux-arm64-musl"]
checksum = "sha256:55413dfb0c1aec861641fe858f1f73e84848f3db497b1c0c02e62887ea76f4a4"
url = "https://github.com/jgm/pandoc/releases/download/3.10/pandoc-3.10-linux-arm64.tar.gz"
url_api = "https://api.github.com/repos/jgm/pandoc/releases/assets/438408619"
provenance = "github-attestations"

[tools.pandoc."platforms.linux-x64"]
checksum = "sha256:e0f8af62d0f267d22baa5bcefe6d5dda3a097ccc60de794b759fe03159923244"
url = "https://github.com/jgm/pandoc/releases/download/3.10/pandoc-3.10-linux-amd64.tar.gz"
url_api = "https://api.github.com/repos/jgm/pandoc/releases/assets/438406829"
provenance = "github-attestations"

[tools.pandoc."platforms.linux-x64-musl"]
checksum = "sha256:e0f8af62d0f267d22baa5bcefe6d5dda3a097ccc60de794b759fe03159923244"
url = "https://github.com/jgm/pandoc/releases/download/3.10/pandoc-3.10-linux-amd64.tar.gz"
url_api = "https://api.github.com/repos/jgm/pandoc/releases/assets/438406829"
provenance = "github-attestations"

[tools.pandoc."platforms.macos-arm64"]
checksum = "sha256:d9cad01d96ae774a0dc8c8c45bb1ad3e4c5ff2cc2e24f45958f5f9b7974aee34"
url = "https://github.com/jgm/pandoc/releases/download/3.10/pandoc-3.10-arm64-macOS.zip"
url_api = "https://api.github.com/repos/jgm/pandoc/releases/assets/438404702"
provenance = "github-attestations"
provenance_verified = true

[tools.pandoc."platforms.macos-x64"]
checksum = "sha256:6334f4d9af7c9e37e761dfad56fa5507685f6d29724ebf31c4be6d5c654a3161"
url = "https://github.com/jgm/pandoc/releases/download/3.10/pandoc-3.10-x86_64-macOS.zip"
url_api = "https://api.github.com/repos/jgm/pandoc/releases/assets/438436357"
provenance = "github-attestations"

[tools.pandoc."platforms.windows-x64"]
checksum = "sha256:bb808d00fd58762299d64582a9b4c3e4b106cd929e62c5f19bcdcb496f1e54ae"
url = "https://github.com/jgm/pandoc/releases/download/3.10/pandoc-3.10-windows-x86_64.zip"
url_api = "https://api.github.com/repos/jgm/pandoc/releases/assets/438414170"
provenance = "github-attestations"

[[tools.pnpm]]
version = "10.34.5"
backend = "aqua:pnpm/pnpm"

[tools.pnpm."platforms.linux-arm64"]
checksum = "sha256:22391362c31edf522fd698d0b43d38fe9228e28d5b5e32124ffd0038fb60f9f0"
url = "https://github.com/pnpm/pnpm/releases/download/v10.34.5/pnpm-linux-arm64"
url_api = "https://api.github.com/repos/pnpm/pnpm/releases/assets/472419173"

[tools.pnpm."platforms.linux-arm64-musl"]
checksum = "sha256:22391362c31edf522fd698d0b43d38fe9228e28d5b5e32124ffd0038fb60f9f0"
url = "https://github.com/pnpm/pnpm/releases/download/v10.34.5/pnpm-linux-arm64"
url_api = "https://api.github.com/repos/pnpm/pnpm/releases/assets/472419173"

[tools.pnpm."platforms.linux-x64"]
checksum = "sha256:69a535476f407fb0f64427913c2b592ca2ed6bf93f92e2cb82a32349e31f36eb"
url = "https://github.com/pnpm/pnpm/releases/download/v10.34.5/pnpm-linux-x64"
url_api = "https://api.github.com/repos/pnpm/pnpm/releases/assets/472419171"

[tools.pnpm."platforms.linux-x64-musl"]
checksum = "sha256:69a535476f407fb0f64427913c2b592ca2ed6bf93f92e2cb82a32349e31f36eb"
url = "https://github.com/pnpm/pnpm/releases/download/v10.34.5/pnpm-linux-x64"
url_api = "https://api.github.com/repos/pnpm/pnpm/releases/assets/472419171"

[tools.pnpm."platforms.macos-arm64"]
checksum = "sha256:888389e8dd5ed45279043c1d3383c0942a8248b3d29ce614b302f468191f7659"
url = "https://github.com/pnpm/pnpm/releases/download/v10.34.5/pnpm-macos-arm64"
url_api = "https://api.github.com/repos/pnpm/pnpm/releases/assets/472419170"

[tools.pnpm."platforms.macos-x64"]
checksum = "sha256:4deaaaf1c0246fc4230f6450959f932dbc2abfd2686f8515dabf97b0717cb9b1"
url = "https://github.com/pnpm/pnpm/releases/download/v10.34.5/pnpm-macos-x64"
url_api = "https://api.github.com/repos/pnpm/pnpm/releases/assets/472419168"

[tools.pnpm."platforms.windows-x64"]
checksum = "sha256:fa9f420f55723453aaa99a98ca720e9d0e9f58cc808953669927bf15a95b4542"
url = "https://github.com/pnpm/pnpm/releases/download/v10.34.5/pnpm-win-x64.exe"
url_api = "https://api.github.com/repos/pnpm/pnpm/releases/assets/472419169"

[[tools.prek]]
version = "0.4.5"
backend = "aqua:j178/prek"

[tools.prek."platforms.linux-arm64"]
checksum = "sha256:9c3f0686b6f12995b2f9cbc2953a457987622a29bbcdeaa64f62527af851fc1e"
url = "https://github.com/j178/prek/releases/download/v0.4.5/prek-aarch64-unknown-linux-musl.tar.gz"
url_api = "https://api.github.com/repos/j178/prek/releases/assets/448118229"
provenance = "github-attestations"

[tools.prek."platforms.linux-arm64-musl"]
checksum = "sha256:9c3f0686b6f12995b2f9cbc2953a457987622a29bbcdeaa64f62527af851fc1e"
url = "https://github.com/j178/prek/releases/download/v0.4.5/prek-aarch64-unknown-linux-musl.tar.gz"
url_api = "https://api.github.com/repos/j178/prek/releases/assets/448118229"
provenance = "github-attestations"

[tools.prek."platforms.linux-x64"]
checksum = "sha256:94698d1cd74e7b462a017257efeab6f46142f4fb3da9a1314f06c1d55c26d614"
url = "https://github.com/j178/prek/releases/download/v0.4.5/prek-x86_64-unknown-linux-musl.tar.gz"
url_api = "https://api.github.com/repos/j178/prek/releases/assets/448118300"
provenance = "github-attestations"

[tools.prek."platforms.linux-x64-musl"]
checksum = "sha256:94698d1cd74e7b462a017257efeab6f46142f4fb3da9a1314f06c1d55c26d614"
url = "https://github.com/j178/prek/releases/download/v0.4.5/prek-x86_64-unknown-linux-musl.tar.gz"
url_api = "https://api.github.com/repos/j178/prek/releases/assets/448118300"
provenance = "github-attestations"

[tools.prek."platforms.macos-arm64"]
checksum = "sha256:ed4920762f0e3db07163c437af622a1d4905e1ad7053692a495551b9ce92549f"
url = "https://github.com/j178/prek/releases/download/v0.4.5/prek-aarch64-apple-darwin.tar.gz"
url_api = "https://api.github.com/repos/j178/prek/releases/assets/448118219"
provenance = "github-attestations"

[tools.prek."platforms.macos-x64"]
checksum = "sha256:b0afc8bbea69d61bbfe49100394df99eed15a9c4675b06c9936417e65aa88b16"
url = "https://github.com/j178/prek/releases/download/v0.4.5/prek-x86_64-apple-darwin.tar.gz"
url_api = "https://api.github.com/repos/j178/prek/releases/assets/448118282"
provenance = "github-attestations"

[tools.prek."platforms.windows-x64"]
checksum = "sha256:1ee0d2b210acc805e0ccd1b00fa84eb1d0d939f1a79da37ae9f432e1c16c5986"
url = "https://github.com/j178/prek/releases/download/v0.4.5/prek-x86_64-pc-windows-msvc.zip"
url_api = "https://api.github.com/repos/j178/prek/releases/assets/448118294"
provenance = "github-attestations"

[[tools.typst]]
version = "0.15.1"
backend = "aqua:typst/typst"

[tools.typst."platforms.linux-arm64"]
checksum = "sha256:5aa8d74a3d906e60ea12a66ac2f37f8eef1b14cbad7182a745e393a10c23dcee"
url = "https://github.com/typst/typst/releases/download/v0.15.1/typst-aarch64-unknown-linux-musl.tar.xz"
url_api = "https://api.github.com/repos/typst/typst/releases/assets/480300408"

[tools.typst."platforms.linux-arm64-musl"]
checksum = "sha256:5aa8d74a3d906e60ea12a66ac2f37f8eef1b14cbad7182a745e393a10c23dcee"
url = "https://github.com/typst/typst/releases/download/v0.15.1/typst-aarch64-unknown-linux-musl.tar.xz"
url_api = "https://api.github.com/repos/typst/typst/releases/assets/480300408"

[tools.typst."platforms.linux-x64"]
checksum = "sha256:a6d077d0a95eed5a2eba715b2dae06be954f624ccbf85758a03f389ded33118c"
url = "https://github.com/typst/typst/releases/download/v0.15.1/typst-x86_64-unknown-linux-musl.tar.xz"
url_api = "https://api.github.com/repos/typst/typst/releases/assets/480300761"

[tools.typst."platforms.linux-x64-musl"]
checksum = "sha256:a6d077d0a95eed5a2eba715b2dae06be954f624ccbf85758a03f389ded33118c"
url = "https://github.com/typst/typst/releases/download/v0.15.1/typst-x86_64-unknown-linux-musl.tar.xz"
url_api = "https://api.github.com/repos/typst/typst/releases/assets/480300761"

[tools.typst."platforms.macos-arm64"]
checksum = "sha256:48f62ed034aa3a7978309579ac6ca00045e2ef0da73114e8af27cfd8e74dc05a"
url = "https://github.com/typst/typst/releases/download/v0.15.1/typst-aarch64-apple-darwin.tar.xz"
url_api = "https://api.github.com/repos/typst/typst/releases/assets/480299147"

[tools.typst."platforms.macos-x64"]
checksum = "sha256:7f9fdd9584866245de9a79e0add8f9236fae6f40a8a45e2c4771ccc14db4e0fa"
url = "https://github.com/typst/typst/releases/download/v0.15.1/typst-x86_64-apple-darwin.tar.xz"
url_api = "https://api.github.com/repos/typst/typst/releases/assets/480300018"

[tools.typst."platforms.windows-x64"]
checksum = "sha256:19ce3551153c2fe7ee9fa2f95208310c8f4d3209fedb699e0333faf8913f6736"
url = "https://github.com/typst/typst/releases/download/v0.15.1/typst-x86_64-pc-windows-msvc.zip"
url_api = "https://api.github.com/repos/typst/typst/releases/assets/480303335"
