# @generated - this file is auto-generated by `mise lock` https://mise.en.dev/dev-tools/mise-lock.html

[[tools."aqua:google/osv-scanner"]]
version = "2.4.0"
backend = "aqua:google/osv-scanner"

[[tools.gitleaks]]
version = "8.30.1"
backend = "aqua:gitleaks/gitleaks"

[[tools.node]]
version = "26.3.1"
backend = "core:node"

[[tools.pandoc]]
version = "3.10"
backend = "github:jgm/pandoc"

[[tools.pnpm]]
version = "10.34.5"
backend = "aqua:pnpm/pnpm"

[[tools.prek]]
version = "0.4.5"
backend = "aqua:j178/prek"

[[tools.typst]]
version = "0.15.1"
backend = "aqua:typst/typst"
